// !$*UTF8*$!
{
	archiveVersion = 1;
	classes = {
	};
	objectVersion = 50;
	objects = {

/* Begin PBXBuildFile section */
		6E2ABB1D2326154800AC7B86 /* Extensions.swift in Sources */ = {isa = PBXBuildFile; fileRef = 6E2ABB1C2326154800AC7B86 /* Extensions.swift */; };
		6E2ABB1F23261C1500AC7B86 /* NewAlarmVC.swift in Sources */ = {isa = PBXBuildFile; fileRef = 6E2ABB1E23261C1500AC7B86 /* NewAlarmVC.swift */; };
		6E30BF7F2320BFDD005ABEFC /* AppDelegate.swift in Sources */ = {isa = PBXBuildFile; fileRef = 6E30BF7E2320BFDD005ABEFC /* AppDelegate.swift */; };
		6E30BF812320BFDD005ABEFC /* ViewController.swift in Sources */ = {isa = PBXBuildFile; fileRef = 6E30BF802320BFDD005ABEFC /* ViewController.swift */; };
		6E30BF862320BFE0005ABEFC /* Assets.xcassets in Resources */ = {isa = PBXBuildFile; fileRef = 6E30BF852320BFE0005ABEFC /* Assets.xcassets */; };
		6E30BF892320BFE0005ABEFC /* LaunchScreen.storyboard in Resources */ = {isa = PBXBuildFile; fileRef = 6E30BF872320BFE0005ABEFC /* LaunchScreen.storyboard */; };
		6E30BF942320BFE0005ABEFC /* SmartPrompterTests.swift in Sources */ = {isa = PBXBuildFile; fileRef = 6E30BF932320BFE0005ABEFC /* SmartPrompterTests.swift */; };
		6E30BF9F2320BFE0005ABEFC /* SmartPrompterUITests.swift in Sources */ = {isa = PBXBuildFile; fileRef = 6E30BF9E2320BFE0005ABEFC /* SmartPrompterUITests.swift */; };
		6E30BFAD2320D07C005ABEFC /* MainVC.swift in Sources */ = {isa = PBXBuildFile; fileRef = 6E30BFAC2320D07C005ABEFC /* MainVC.swift */; };
/* End PBXBuildFile section */

/* Begin PBXContainerItemProxy section */
		6E30BF902320BFE0005ABEFC /* PBXContainerItemProxy */ = {
			isa = PBXContainerItemProxy;
			containerPortal = 6E30BF732320BFDD005ABEFC /* Project object */;
			proxyType = 1;
			remoteGlobalIDString = 6E30BF7A2320BFDD005ABEFC;
			remoteInfo = SmartPrompter;
		};
		6E30BF9B2320BFE0005ABEFC /* PBXContainerItemProxy */ = {
			isa = PBXContainerItemProxy;
			containerPortal = 6E30BF732320BFDD005ABEFC /* Project object */;
			proxyType = 1;
			remoteGlobalIDString = 6E30BF7A2320BFDD005ABEFC;
			remoteInfo = SmartPrompter;
		};
/* End PBXContainerItemProxy section */

/* Begin PBXFileReference section */
		6E2ABB1C2326154800AC7B86 /* Extensions.swift */ = {isa = PBXFileReference; lastKnownFileType = sourcecode.swift; path = Extensions.swift; sourceTree = "<group>"; };
		6E2ABB1E23261C1500AC7B86 /* NewAlarmVC.swift */ = {isa = PBXFileReference; lastKnownFileType = sourcecode.swift; path = NewAlarmVC.swift; sourceTree = "<group>"; };
		6E30BF7B2320BFDD005ABEFC /* SmartPrompter.app */ = {isa = PBXFileReference; explicitFileType = wrapper.application; includeInIndex = 0; path = SmartPrompter.app; sourceTree = BUILT_PRODUCTS_DIR; };
		6E30BF7E2320BFDD005ABEFC /* AppDelegate.swift */ = {isa = PBXFileReference; lastKnownFileType = sourcecode.swift; path = AppDelegate.swift; sourceTree = "<group>"; };
		6E30BF802320BFDD005ABEFC /* ViewController.swift */ = {isa = PBXFileReference; lastKnownFileType = sourcecode.swift; path = ViewController.swift; sourceTree = "<group>"; };
		6E30BF852320BFE0005ABEFC /* Assets.xcassets */ = {isa = PBXFileReference; lastKnownFileType = folder.assetcatalog; path = Assets.xcassets; sourceTree = "<group>"; };
		6E30BF882320BFE0005ABEFC /* Base */ = {isa = PBXFileReference; lastKnownFileType = file.storyboard; name = Base; path = Base.lproj/LaunchScreen.storyboard; sourceTree = "<group>"; };
		6E30BF8A2320BFE0005ABEFC /* Info.plist */ = {isa = PBXFileReference; lastKnownFileType = text.plist.xml; path = Info.plist; sourceTree = "<group>"; };
		6E30BF8F2320BFE0005ABEFC /* SmartPrompterTests.xctest */ = {isa = PBXFileReference; explicitFileType = wrapper.cfbundle; includeInIndex = 0; path = SmartPrompterTests.xctest; sourceTree = BUILT_PRODUCTS_DIR; };
		6E30BF932320BFE0005ABEFC /* SmartPrompterTests.swift */ = {isa = PBXFileReference; lastKnownFileType = sourcecode.swift; path = SmartPrompterTests.swift; sourceTree = "<group>"; };
		6E30BF952320BFE0005ABEFC /* Info.plist */ = {isa = PBXFileReference; lastKnownFileType = text.plist.xml; path = Info.plist; sourceTree = "<group>"; };
		6E30BF9A2320BFE0005ABEFC /* SmartPrompterUITests.xctest */ = {isa = PBXFileReference; explicitFileType = wrapper.cfbundle; includeInIndex = 0; path = SmartPrompterUITests.xctest; sourceTree = BUILT_PRODUCTS_DIR; };
		6E30BF9E2320BFE0005ABEFC /* SmartPrompterUITests.swift */ = {isa = PBXFileReference; lastKnownFileType = sourcecode.swift; path = SmartPrompterUITests.swift; sourceTree = "<group>"; };
		6E30BFA02320BFE0005ABEFC /* Info.plist */ = {isa = PBXFileReference; lastKnownFileType = text.plist.xml; path = Info.plist; sourceTree = "<group>"; };
		6E30BFAC2320D07C005ABEFC /* MainVC.swift */ = {isa = PBXFileReference; lastKnownFileType = sourcecode.swift; path = MainVC.swift; sourceTree = "<group>"; };
/* End PBXFileReference section */

/* Begin PBXFrameworksBuildPhase section */
		6E30BF782320BFDD005ABEFC /* Frameworks */ = {
			isa = PBXFrameworksBuildPhase;
			buildActionMask = 2147483647;
			files = (
			);
			runOnlyForDeploymentPostprocessing = 0;
		};
		6E30BF8C2320BFE0005ABEFC /* Frameworks */ = {
			isa = PBXFrameworksBuildPhase;
			buildActionMask = 2147483647;
			files = (
			);
			runOnlyForDeploymentPostprocessing = 0;
		};
		6E30BF972320BFE0005ABEFC /* Frameworks */ = {
			isa = PBXFrameworksBuildPhase;
			buildActionMask = 2147483647;
			files = (
			);
			runOnlyForDeploymentPostprocessing = 0;
		};
/* End PBXFrameworksBuildPhase section */

/* Begin PBXGroup section */
		6E30BF722320BFDD005ABEFC = {
			isa = PBXGroup;
			children = (
				6E30BF7D2320BFDD005ABEFC /* SmartPrompter */,
				6E30BF922320BFE0005ABEFC /* SmartPrompterTests */,
				6E30BF9D2320BFE0005ABEFC /* SmartPrompterUITests */,
				6E30BF7C2320BFDD005ABEFC /* Products */,
			);
			sourceTree = "<group>";
		};
		6E30BF7C2320BFDD005ABEFC /* Products */ = {
			isa = PBXGroup;
			children = (
				6E30BF7B2320BFDD005ABEFC /* SmartPrompter.app */,
				6E30BF8F2320BFE0005ABEFC /* SmartPrompterTests.xctest */,
				6E30BF9A2320BFE0005ABEFC /* SmartPrompterUITests.xctest */,
			);
			name = Products;
			sourceTree = "<group>";
		};
		6E30BF7D2320BFDD005ABEFC /* SmartPrompter */ = {
			isa = PBXGroup;
			children = (
				6E30BF7E2320BFDD005ABEFC /* AppDelegate.swift */,
				6E30BF802320BFDD005ABEFC /* ViewController.swift */,
				6E30BF852320BFE0005ABEFC /* Assets.xcassets */,
				6E30BF872320BFE0005ABEFC /* LaunchScreen.storyboard */,
				6E30BF8A2320BFE0005ABEFC /* Info.plist */,
				6E30BFAC2320D07C005ABEFC /* MainVC.swift */,
				6E2ABB1E23261C1500AC7B86 /* NewAlarmVC.swift */,
				6E2ABB1C2326154800AC7B86 /* Extensions.swift */,
			);
			path = SmartPrompter;
			sourceTree = "<group>";
		};
		6E30BF922320BFE0005ABEFC /* SmartPrompterTests */ = {
			isa = PBXGroup;
			children = (
				6E30BF932320BFE0005ABEFC /* SmartPrompterTests.swift */,
				6E30BF952320BFE0005ABEFC /* Info.plist */,
			);
			path = SmartPrompterTests;
			sourceTree = "<group>";
		};
		6E30BF9D2320BFE0005ABEFC /* SmartPrompterUITests */ = {
			isa = PBXGroup;
			children = (
				6E30BF9E2320BFE0005ABEFC /* SmartPrompterUITests.swift */,
				6E30BFA02320BFE0005ABEFC /* Info.plist */,
			);
			path = SmartPrompterUITests;
			sourceTree = "<group>";
		};
/* End PBXGroup section */

/* Begin PBXNativeTarget section */
		6E30BF7A2320BFDD005ABEFC /* SmartPrompter */ = {
			isa = PBXNativeTarget;
			buildConfigurationList = 6E30BFA32320BFE0005ABEFC /* Build configuration list for PBXNativeTarget "SmartPrompter" */;
			buildPhases = (
				6E30BF772320BFDD005ABEFC /* Sources */,
				6E30BF782320BFDD005ABEFC /* Frameworks */,
				6E30BF792320BFDD005ABEFC /* Resources */,
			);
			buildRules = (
			);
			dependencies = (
			);
			name = SmartPrompter;
			productName = SmartPrompter;
			productReference = 6E30BF7B2320BFDD005ABEFC /* SmartPrompter.app */;
			productType = "com.apple.product-type.application";
		};
		6E30BF8E2320BFE0005ABEFC /* SmartPrompterTests */ = {
			isa = PBXNativeTarget;
			buildConfigurationList = 6E30BFA62320BFE0005ABEFC /* Build configuration list for PBXNativeTarget "SmartPrompterTests" */;
			buildPhases = (
				6E30BF8B2320BFE0005ABEFC /* Sources */,
				6E30BF8C2320BFE0005ABEFC /* Frameworks */,
				6E30BF8D2320BFE0005ABEFC /* Resources */,
			);
			buildRules = (
			);
			dependencies = (
				6E30BF912320BFE0005ABEFC /* PBXTargetDependency */,
			);
			name = SmartPrompterTests;
			productName = SmartPrompterTests;
			productReference = 6E30BF8F2320BFE0005ABEFC /* SmartPrompterTests.xctest */;
			productType = "com.apple.product-type.bundle.unit-test";
		};
		6E30BF992320BFE0005ABEFC /* SmartPrompterUITests */ = {
			isa = PBXNativeTarget;
			buildConfigurationList = 6E30BFA92320BFE0005ABEFC /* Build configuration list for PBXNativeTarget "SmartPrompterUITests" */;
			buildPhases = (
				6E30BF962320BFE0005ABEFC /* Sources */,
				6E30BF972320BFE0005ABEFC /* Frameworks */,
				6E30BF982320BFE0005ABEFC /* Resources */,
			);
			buildRules = (
			);
			dependencies = (
				6E30BF9C2320BFE0005ABEFC /* PBXTargetDependency */,
			);
			name = SmartPrompterUITests;
			productName = SmartPrompterUITests;
			productReference = 6E30BF9A2320BFE0005ABEFC /* SmartPrompterUITests.xctest */;
			productType = "com.apple.product-type.bundle.ui-testing";
		};
/* End PBXNativeTarget section */

/* Begin PBXProject section */
		6E30BF732320BFDD005ABEFC /* Project object */ = {
			isa = PBXProject;
			attributes = {
				LastSwiftUpdateCheck = 1030;
				LastUpgradeCheck = 1030;
				ORGANIZATIONNAME = "Likhon Gomes";
				TargetAttributes = {
					6E30BF7A2320BFDD005ABEFC = {
						CreatedOnToolsVersion = 10.3;
					};
					6E30BF8E2320BFE0005ABEFC = {
						CreatedOnToolsVersion = 10.3;
						TestTargetID = 6E30BF7A2320BFDD005ABEFC;
					};
					6E30BF992320BFE0005ABEFC = {
						CreatedOnToolsVersion = 10.3;
						TestTargetID = 6E30BF7A2320BFDD005ABEFC;
					};
				};
			};
			buildConfigurationList = 6E30BF762320BFDD005ABEFC /* Build configuration list for PBXProject "SmartPrompter" */;
			compatibilityVersion = "Xcode 9.3";
			developmentRegion = en;
			hasScannedForEncodings = 0;
			knownRegions = (
				en,
				Base,
			);
			mainGroup = 6E30BF722320BFDD005ABEFC;
			productRefGroup = 6E30BF7C2320BFDD005ABEFC /* Products */;
			projectDirPath = "";
			projectRoot = "";
			targets = (
				6E30BF7A2320BFDD005ABEFC /* SmartPrompter */,
				6E30BF8E2320BFE0005ABEFC /* SmartPrompterTests */,
				6E30BF992320BFE0005ABEFC /* SmartPrompterUITests */,
			);
		};
/* End PBXProject section */

/* Begin PBXResourcesBuildPhase section */
		6E30BF792320BFDD005ABEFC /* Resources */ = {
			isa = PBXResourcesBuildPhase;
			buildActionMask = 2147483647;
			files = (
				6E30BF892320BFE0005ABEFC /* LaunchScreen.storyboard in Resources */,
				6E30BF862320BFE0005ABEFC /* Assets.xcassets in Resources */,
			);
			runOnlyForDeploymentPostprocessing = 0;
		};
		6E30BF8D2320BFE0005ABEFC /* Resources */ = {
			isa = PBXResourcesBuildPhase;
			buildActionMask = 2147483647;
			files = (
			);
			runOnlyForDeploymentPostprocessing = 0;
		};
		6E30BF982320BFE0005ABEFC /* Resources */ = {
			isa = PBXResourcesBuildPhase;
			buildActionMask = 2147483647;
			files = (
			);
			runOnlyForDeploymentPostprocessing = 0;
		};
/* End PBXResourcesBuildPhase section */

/* Begin PBXSourcesBuildPhase section */
		6E30BF772320BFDD005ABEFC /* Sources */ = {
			isa = PBXSourcesBuildPhase;
			buildActionMask = 2147483647;
			files = (
				6E30BF812320BFDD005ABEFC /* ViewController.swift in Sources */,
				6E30BFAD2320D07C005ABEFC /* MainVC.swift in Sources */,
				6E2ABB1F23261C1500AC7B86 /* NewAlarmVC.swift in Sources */,
				6E30BF7F2320BFDD005ABEFC /* AppDelegate.swift in Sources */,
				6E2ABB1D2326154800AC7B86 /* Extensions.swift in Sources */,
			);
			runOnlyForDeploymentPostprocessing = 0;
		};
		6E30BF8B2320BFE0005ABEFC /* Sources */ = {
			isa = PBXSourcesBuildPhase;
			buildActionMask = 2147483647;
			files = (
				6E30BF942320BFE0005ABEFC /* SmartPrompterTests.swift in Sources */,
			);
			runOnlyForDeploymentPostprocessing = 0;
		};
		6E30BF962320BFE0005ABEFC /* Sources */ = {
			isa = PBXSourcesBuildPhase;
			buildActionMask = 2147483647;
			files = (
				6E30BF9F2320BFE0005ABEFC /* SmartPrompterUITests.swift in Sources */,
			);
			runOnlyForDeploymentPostprocessing = 0;
		};
/* End PBXSourcesBuildPhase section */

/* Begin PBXTargetDependency section */
		6E30BF912320BFE0005ABEFC /* PBXTargetDependency */ = {
			isa = PBXTargetDependency;
			target = 6E30BF7A2320BFDD005ABEFC /* SmartPrompter */;
			targetProxy = 6E30BF902320BFE0005ABEFC /* PBXContainerItemProxy */;
		};
		6E30BF9C2320BFE0005ABEFC /* PBXTargetDependency */ = {
			isa = PBXTargetDependency;
			target = 6E30BF7A2320BFDD005ABEFC /* SmartPrompter */;
			targetProxy = 6E30BF9B2320BFE0005ABEFC /* PBXContainerItemProxy */;
		};
/* End PBXTargetDependency section */

/* Begin PBXVariantGroup section */
		6E30BF872320BFE0005ABEFC /* LaunchScreen.storyboard */ = {
			isa = PBXVariantGroup;
			children = (
				6E30BF882320BFE0005ABEFC /* Base */,
			);
			name = LaunchScreen.storyboard;
			sourceTree = "<group>";
		};
/* End PBXVariantGroup section */

/* Begin XCBuildConfiguration section */
		6E30BFA12320BFE0005ABEFC /* Debug */ = {
			isa = XCBuildConfiguration;
			buildSettings = {
				ALWAYS_SEARCH_USER_PATHS = NO;
				CLANG_ANALYZER_NONNULL = YES;
				CLANG_ANALYZER_NUMBER_OBJECT_CONVERSION = YES_AGGRESSIVE;
				CLANG_CXX_LANGUAGE_STANDARD = "gnu++14";
				CLANG_CXX_LIBRARY = "libc++";
				CLANG_ENABLE_MODULES = YES;
				CLANG_ENABLE_OBJC_ARC = YES;
				CLANG_ENABLE_OBJC_WEAK = YES;
				CLANG_WARN_BLOCK_CAPTURE_AUTORELEASING = YES;
				CLANG_WARN_BOOL_CONVERSION = YES;
				CLANG_WARN_COMMA = YES;
				CLANG_WARN_CONSTANT_CONVERSION = YES;
				CLANG_WARN_DEPRECATED_OBJC_IMPLEMENTATIONS = YES;
				CLANG_WARN_DIRECT_OBJC_ISA_USAGE = YES_ERROR;
				CLANG_WARN_DOCUMENTATION_COMMENTS = YES;
				CLANG_WARN_EMPTY_BODY = YES;
				CLANG_WARN_ENUM_CONVERSION = YES;
				CLANG_WARN_INFINITE_RECURSION = YES;
				CLANG_WARN_INT_CONVERSION = YES;
				CLANG_WARN_NON_LITERAL_NULL_CONVERSION = YES;
				CLANG_WARN_OBJC_IMPLICIT_RETAIN_SELF = YES;
				CLANG_WARN_OBJC_LITERAL_CONVERSION = YES;
				CLANG_WARN_OBJC_ROOT_CLASS = YES_ERROR;
				CLANG_WARN_RANGE_LOOP_ANALYSIS = YES;
				CLANG_WARN_STRICT_PROTOTYPES = YES;
				CLANG_WARN_SUSPICIOUS_MOVE = YES;
				CLANG_WARN_UNGUARDED_AVAILABILITY = YES_AGGRESSIVE;
				CLANG_WARN_UNREACHABLE_CODE = YES;
				CLANG_WARN__DUPLICATE_METHOD_MATCH = YES;
				CODE_SIGN_IDENTITY = "iPhone Developer";
				COPY_PHASE_STRIP = NO;
				DEBUG_INFORMATION_FORMAT = dwarf;
				ENABLE_STRICT_OBJC_MSGSEND = YES;
				ENABLE_TESTABILITY = YES;
				GCC_C_LANGUAGE_STANDARD = gnu11;
				GCC_DYNAMIC_NO_PIC = NO;
				GCC_NO_COMMON_BLOCKS = YES;
				GCC_OPTIMIZATION_LEVEL = 0;
				GCC_PREPROCESSOR_DEFINITIONS = (
					"DEBUG=1",
					"$(inherited)",
				);
				GCC_WARN_64_TO_32_BIT_CONVERSION = YES;
				GCC_WARN_ABOUT_RETURN_TYPE = YES_ERROR;
				GCC_WARN_UNDECLARED_SELECTOR = YES;
				GCC_WARN_UNINITIALIZED_AUTOS = YES_AGGRESSIVE;
				GCC_WARN_UNUSED_FUNCTION = YES;
				GCC_WARN_UNUSED_VARIABLE = YES;
				IPHONEOS_DEPLOYMENT_TARGET = 12.4;
				MTL_ENABLE_DEBUG_INFO = INCLUDE_SOURCE;
				MTL_FAST_MATH = YES;
				ONLY_ACTIVE_ARCH = YES;
				SDKROOT = iphoneos;
				SWIFT_ACTIVE_COMPILATION_CONDITIONS = DEBUG;
				SWIFT_OPTIMIZATION_LEVEL = "-Onone";
			};
			name = Debug;
		};
		6E30BFA22320BFE0005ABEFC /* Release */ = {
			isa = XCBuildConfiguration;
			buildSettings = {
				ALWAYS_SEARCH_USER_PATHS = NO;
				CLANG_ANALYZER_NONNULL = YES;
				CLANG_ANALYZER_NUMBER_OBJECT_CONVERSION = YES_AGGRESSIVE;
				CLANG_CXX_LANGUAGE_STANDARD = "gnu++14";
				CLANG_CXX_LIBRARY = "libc++";
				CLANG_ENABLE_MODULES = YES;
				CLANG_ENABLE_OBJC_ARC = YES;
				CLANG_ENABLE_OBJC_WEAK = YES;
				CLANG_WARN_BLOCK_CAPTURE_AUTORELEASING = YES;
				CLANG_WARN_BOOL_CONVERSION = YES;
				CLANG_WARN_COMMA = YES;
				CLANG_WARN_CONSTANT_CONVERSION = YES;
				CLANG_WARN_DEPRECATED_OBJC_IMPLEMENTATIONS = YES;
				CLANG_WARN_DIRECT_OBJC_ISA_USAGE = YES_ERROR;
				CLANG_WARN_DOCUMENTATION_COMMENTS = YES;
				CLANG_WARN_EMPTY_BODY = YES;
				CLANG_WARN_ENUM_CONVERSION = YES;
				CLANG_WARN_INFINITE_RECURSION = YES;
				CLANG_WARN_INT_CONVERSION = YES;
				CLANG_WARN_NON_LITERAL_NULL_CONVERSION = YES;
				CLANG_WARN_OBJC_IMPLICIT_RETAIN_SELF = YES;
				CLANG_WARN_OBJC_LITERAL_CONVERSION = YES;
				CLANG_WARN_OBJC_ROOT_CLASS = YES_ERROR;
				CLANG_WARN_RANGE_LOOP_ANALYSIS = YES;
				CLANG_WARN_STRICT_PROTOTYPES = YES;
				CLANG_WARN_SUSPICIOUS_MOVE = YES;
				CLANG_WARN_UNGUARDED_AVAILABILITY = YES_AGGRESSIVE;
				CLANG_WARN_UNREACHABLE_CODE = YES;
				CLANG_WARN__DUPLICATE_METHOD_MATCH = YES;
				CODE_SIGN_IDENTITY = "iPhone Developer";
				COPY_PHASE_STRIP = NO;
				DEBUG_INFORMATION_FORMAT = "dwarf-with-dsym";
				ENABLE_NS_ASSERTIONS = NO;
				ENABLE_STRICT_OBJC_MSGSEND = YES;
				GCC_C_LANGUAGE_STANDARD = gnu11;
				GCC_NO_COMMON_BLOCKS = YES;
				GCC_WARN_64_TO_32_BIT_CONVERSION = YES;
				GCC_WARN_ABOUT_RETURN_TYPE = YES_ERROR;
				GCC_WARN_UNDECLARED_SELECTOR = YES;
				GCC_WARN_UNINITIALIZED_AUTOS = YES_AGGRESSIVE;
				GCC_WARN_UNUSED_FUNCTION = YES;
				GCC_WARN_UNUSED_VARIABLE = YES;
				IPHONEOS_DEPLOYMENT_TARGET = 12.4;
				MTL_ENABLE_DEBUG_INFO = NO;
				MTL_FAST_MATH = YES;
				SDKROOT = iphoneos;
				SWIFT_COMPILATION_MODE = wholemodule;
				SWIFT_OPTIMIZATION_LEVEL = "-O";
				VALIDATE_PRODUCT = YES;
			};
			name = Release;
		};
		6E30BFA42320BFE0005ABEFC /* Debug */ = {
			isa = XCBuildConfiguration;
			buildSettings = {
				ASSETCATALOG_COMPILER_APPICON_NAME = AppIcon;
				CODE_SIGN_STYLE = Automatic;
				DEVELOPMENT_TEAM = UJ9M2WLA9Z;
				INFOPLIST_FILE = SmartPrompter/Info.plist;
				LD_RUNPATH_SEARCH_PATHS = (
					"$(inherited)",
					"@executable_path/Frameworks",
				);
				PRODUCT_BUNDLE_IDENTIFIER = gomes.likhon.SmartPrompter;
				PRODUCT_NAME = "$(TARGET_NAME)";
				SWIFT_VERSION = 5.0;
				TARGETED_DEVICE_FAMILY = "1,2";
			};
			name = Debug;
		};
		6E30BFA52320BFE0005ABEFC /* Release */ = {
			isa = XCBuildConfiguration;
			buildSettings = {
				ASSETCATALOG_COMPILER_APPICON_NAME = AppIcon;
				CODE_SIGN_STYLE = Automatic;
				DEVELOPMENT_TEAM = UJ9M2WLA9Z;
				INFOPLIST_FILE = SmartPrompter/Info.plist;
				LD_RUNPATH_SEARCH_PATHS = (
					"$(inherited)",
					"@executable_path/Frameworks",
				);
				PRODUCT_BUNDLE_IDENTIFIER = gomes.likhon.SmartPrompter;
				PRODUCT_NAME = "$(TARGET_NAME)";
				SWIFT_VERSION = 5.0;
				TARGETED_DEVICE_FAMILY = "1,2";
			};
			name = Release;
		};
		6E30BFA72320BFE0005ABEFC /* Debug */ = {
			isa = XCBuildConfiguration;
			buildSettings = {
				ALWAYS_EMBED_SWIFT_STANDARD_LIBRARIES = YES;
				BUNDLE_LOADER = "$(TEST_HOST)";
				CODE_SIGN_STYLE = Automatic;
				DEVELOPMENT_TEAM = UJ9M2WLA9Z;
				INFOPLIST_FILE = SmartPrompterTests/Info.plist;
				LD_RUNPATH_SEARCH_PATHS = (
					"$(inherited)",
					"@executable_path/Frameworks",
					"@loader_path/Frameworks",
				);
				PRODUCT_BUNDLE_IDENTIFIER = gomes.likhon.SmartPrompterTests;
				PRODUCT_NAME = "$(TARGET_NAME)";
				SWIFT_VERSION = 5.0;
				TARGETED_DEVICE_FAMILY = "1,2";
				TEST_HOST = "$(BUILT_PRODUCTS_DIR)/SmartPrompter.app/SmartPrompter";
			};
			name = Debug;
		};
		6E30BFA82320BFE0005ABEFC /* Release */ = {
			isa = XCBuildConfiguration;
			buildSettings = {
				ALWAYS_EMBED_SWIFT_STANDARD_LIBRARIES = YES;
				BUNDLE_LOADER = "$(TEST_HOST)";
				CODE_SIGN_STYLE = Automatic;
				DEVELOPMENT_TEAM = UJ9M2WLA9Z;
				INFOPLIST_FILE = SmartPrompterTests/Info.plist;
				LD_RUNPATH_SEARCH_PATHS = (
					"$(inherited)",
					"@executable_path/Frameworks",
					"@loader_path/Frameworks",
				);
				PRODUCT_BUNDLE_IDENTIFIER = gomes.likhon.SmartPrompterTests;
				PRODUCT_NAME = "$(TARGET_NAME)";
				SWIFT_VERSION = 5.0;
				TARGETED_DEVICE_FAMILY = "1,2";
				TEST_HOST = "$(BUILT_PRODUCTS_DIR)/SmartPrompter.app/SmartPrompter";
			};
			name = Release;
		};
		6E30BFAA2320BFE0005ABEFC /* Debug */ = {
			isa = XCBuildConfiguration;
			buildSettings = {
				ALWAYS_EMBED_SWIFT_STANDARD_LIBRARIES = YES;
				CODE_SIGN_STYLE = Automatic;
				DEVELOPMENT_TEAM = UJ9M2WLA9Z;
				INFOPLIST_FILE = SmartPrompterUITests/Info.plist;
				LD_RUNPATH_SEARCH_PATHS = (
					"$(inherited)",
					"@executable_path/Frameworks",
					"@loader_path/Frameworks",
				);
				PRODUCT_BUNDLE_IDENTIFIER = gomes.likhon.SmartPrompterUITests;
				PRODUCT_NAME = "$(TARGET_NAME)";
				SWIFT_VERSION = 5.0;
				TARGETED_DEVICE_FAMILY = "1,2";
				TEST_TARGET_NAME = SmartPrompter;
			};
			name = Debug;
		};
		6E30BFAB2320BFE0005ABEFC /* Release */ = {
			isa = XCBuildConfiguration;
			buildSettings = {
				ALWAYS_EMBED_SWIFT_STANDARD_LIBRARIES = YES;
				CODE_SIGN_STYLE = Automatic;
				DEVELOPMENT_TEAM = UJ9M2WLA9Z;
				INFOPLIST_FILE = SmartPrompterUITests/Info.plist;
				LD_RUNPATH_SEARCH_PATHS = (
					"$(inherited)",
					"@executable_path/Frameworks",
					"@loader_path/Frameworks",
				);
				PRODUCT_BUNDLE_IDENTIFIER = gomes.likhon.SmartPrompterUITests;
				PRODUCT_NAME = "$(TARGET_NAME)";
				SWIFT_VERSION = 5.0;
				TARGETED_DEVICE_FAMILY = "1,2";
				TEST_TARGET_NAME = SmartPrompter;
			};
			name = Release;
		};
/* End XCBuildConfiguration section */

/* Begin XCConfigurationList section */
		6E30BF762320BFDD005ABEFC /* Build configuration list for PBXProject "SmartPrompter" */ = {
			isa = XCConfigurationList;
			buildConfigurations = (
				6E30BFA12320BFE0005ABEFC /* Debug */,
				6E30BFA22320BFE0005ABEFC /* Release */,
			);
			defaultConfigurationIsVisible = 0;
			defaultConfigurationName = Release;
		};
		6E30BFA32320BFE0005ABEFC /* Build configuration list for PBXNativeTarget "SmartPrompter" */ = {
			isa = XCConfigurationList;
			buildConfigurations = (
				6E30BFA42320BFE0005ABEFC /* Debug */,
				6E30BFA52320BFE0005ABEFC /* Release */,
			);
			defaultConfigurationIsVisible = 0;
			defaultConfigurationName = Release;
		};
		6E30BFA62320BFE0005ABEFC /* Build configuration list for PBXNativeTarget "SmartPrompterTests" */ = {
			isa = XCConfigurationList;
			buildConfigurations = (
				6E30BFA72320BFE0005ABEFC /* Debug */,
				6E30BFA82320BFE0005ABEFC /* Release */,
			);
			defaultConfigurationIsVisible = 0;
			defaultConfigurationName = Release;
		};
		6E30BFA92320BFE0005ABEFC /* Build configuration list for PBXNativeTarget "SmartPrompterUITests" */ = {
			isa = XCConfigurationList;
			buildConfigurations = (
				6E30BFAA2320BFE0005ABEFC /* Debug */,
				6E30BFAB2320BFE0005ABEFC /* Release */,
			);
			defaultConfigurationIsVisible = 0;
			defaultConfigurationName = Release;
		};
/* End XCConfigurationList section */
	};
	rootObject = 6E30BF732320BFDD005ABEFC /* Project object */;
}
